
Microsoft Visual Studio Solution File, Format Version 12.00
# Visual Studio Version 17
VisualStudioVersion = 17.11.35312.102
MinimumVisualStudioVersion = 10.0.40219.1
Project("{FAE04EC0-301F-11D3-BF4B-00C04F79EFBC}") = "Controlinventarios", "Controlinventarios\Controlinventarios.csproj", "{27430085-97C1-4195-821A-62F40FC2B99A}"
EndProject
Global
	GlobalSection(SolutionConfigurationPlatforms) = preSolution
		Debug|Any CPU = Debug|Any CPU
		Release|Any CPU = Release|Any CPU
	EndGlobalSection
	GlobalSection(ProjectConfigurationPlatforms) = postSolution
		{27430085-97C1-4195-821A-62F40FC2B99A}.Debug|Any CPU.ActiveCfg = Debug|Any CPU
		{27430085-97C1-4195-821A-62F40FC2B99A}.Debug|Any CPU.Build.0 = Debug|Any CPU
		{27430085-97C1-4195-821A-62F40FC2B99A}.Release|Any CPU.ActiveCfg = Release|Any CPU
		{27430085-97C1-4195-821A-62F40FC2B99A}.Release|Any CPU.Build.0 = Release|Any CPU
	EndGlobalSection
	GlobalSection(SolutionProperties) = preSolution
		HideSolutionNode = FALSE
	EndGlobalSection
	GlobalSection(ExtensibilityGlobals) = postSolution
		SolutionGuid = {9504D888-8F54-4BF3-ACFF-40CAA35AC7E1}
	EndGlobalSection
EndGlobal
